
Microsoft Visual Studio Solution File, Format Version 12.00
# Visual Studio Version 17
VisualStudioVersion = 17.13.35931.197 d17.13
MinimumVisualStudioVersion = 10.0.40219.1
Project("{FAE04EC0-301F-11D3-BF4B-00C04F79EFBC}") = "Lab10", "Lab10\Lab10.csproj", "{4BCC9A4F-B9D7-43A2-8B10-0086FA297EBD}"
EndProject
Global
	GlobalSection(SolutionConfigurationPlatforms) = preSolution
		Debug|Any CPU = Debug|Any CPU
		Release|Any CPU = Release|Any CPU
	EndGlobalSection
	GlobalSection(ProjectConfigurationPlatforms) = postSolution
		{4BCC9A4F-B9D7-43A2-8B10-0086FA297EBD}.Debug|Any CPU.ActiveCfg = Debug|Any CPU
		{4BCC9A4F-B9D7-43A2-8B10-0086FA297EBD}.Debug|Any CPU.Build.0 = Debug|Any CPU
		{4BCC9A4F-B9D7-43A2-8B10-0086FA297EBD}.Release|Any CPU.ActiveCfg = Release|Any CPU
		{4BCC9A4F-B9D7-43A2-8B10-0086FA297EBD}.Release|Any CPU.Build.0 = Release|Any CPU
	EndGlobalSection
	GlobalSection(SolutionProperties) = preSolution
		HideSolutionNode = FALSE
	EndGlobalSection
	GlobalSection(ExtensibilityGlobals) = postSolution
		SolutionGuid = {D2213B6C-AFA9-442D-AE43-FF715AEF6BC0}
	EndGlobalSection
EndGlobal
